// !$*UTF8*$!
{
	archiveVersion = 1;
	classes = {
	};
	objectVersion = 56;
	objects = {

/* Begin PBXBuildFile section */
		19658CC82BA359CE00F35DF6 /* AppDelegate.swift in Sources */ = {isa = PBXBuildFile; fileRef = 19658CC72BA359CE00F35DF6 /* AppDelegate.swift */; };
		19658CCA2BA359CE00F35DF6 /* SceneDelegate.swift in Sources */ = {isa = PBXBuildFile; fileRef = 19658CC92BA359CE00F35DF6 /* SceneDelegate.swift */; };
		19658CCC2BA359CE00F35DF6 /* PaymentViewController.swift in Sources */ = {isa = PBXBuildFile; fileRef = 19658CCB2BA359CE00F35DF6 /* PaymentViewController.swift */; };
		19658CD12BA359D200F35DF6 /* Assets.xcassets in Resources */ = {isa = PBXBuildFile; fileRef = 19658CD02BA359D200F35DF6 /* Assets.xcassets */; };
		19658CD42BA359D200F35DF6 /* LaunchScreen.storyboard in Resources */ = {isa = PBXBuildFile; fileRef = 19658CD22BA359D200F35DF6 /* LaunchScreen.storyboard */; };
		19658CDC2BA35AD900F35DF6 /* PaymentModel.swift in Sources */ = {isa = PBXBuildFile; fileRef = 19658CDB2BA35AD900F35DF6 /* PaymentModel.swift */; };
		19658CDE2BA35AE400F35DF6 /* PaymentView.swift in Sources */ = {isa = PBXBuildFile; fileRef = 19658CDD2BA35AE400F35DF6 /* PaymentView.swift */; };
		19658CE02BA35AFD00F35DF6 /* CheckViewController.swift in Sources */ = {isa = PBXBuildFile; fileRef = 19658CDF2BA35AFD00F35DF6 /* CheckViewController.swift */; };
		19658CE22BA35B0400F35DF6 /* CheckView.swift in Sources */ = {isa = PBXBuildFile; fileRef = 19658CE12BA35B0400F35DF6 /* CheckView.swift */; };
		19658CE42BA35B0C00F35DF6 /* CheckModel.swift in Sources */ = {isa = PBXBuildFile; fileRef = 19658CE32BA35B0C00F35DF6 /* CheckModel.swift */; };
		19658CE92BA35C5A00F35DF6 /* press-start-k.ttf in Resources */ = {isa = PBXBuildFile; fileRef = 19658CE82BA35C5A00F35DF6 /* press-start-k.ttf */; };
/* End PBXBuildFile section */

/* Begin PBXFileReference section */
		19658CC42BA359CD00F35DF6 /* SharedPay.app */ = {isa = PBXFileReference; explicitFileType = wrapper.application; includeInIndex = 0; path = SharedPay.app; sourceTree = BUILT_PRODUCTS_DIR; };
		19658CC72BA359CE00F35DF6 /* AppDelegate.swift */ = {isa = PBXFileReference; lastKnownFileType = sourcecode.swift; path = AppDelegate.swift; sourceTree = "<group>"; };
		19658CC92BA359CE00F35DF6 /* SceneDelegate.swift */ = {isa = PBXFileReference; lastKnownFileType = sourcecode.swift; path = SceneDelegate.swift; sourceTree = "<group>"; };
		19658CCB2BA359CE00F35DF6 /* PaymentViewController.swift */ = {isa = PBXFileReference; lastKnownFileType = sourcecode.swift; path = PaymentViewController.swift; sourceTree = "<group>"; };
		19658CD02BA359D200F35DF6 /* Assets.xcassets */ = {isa = PBXFileReference; lastKnownFileType = folder.assetcatalog; path = Assets.xcassets; sourceTree = "<group>"; };
		19658CD32BA359D200F35DF6 /* Base */ = {isa = PBXFileReference; lastKnownFileType = file.storyboard; name = Base; path = Base.lproj/LaunchScreen.storyboard; sourceTree = "<group>"; };
		19658CD52BA359D200F35DF6 /* Info.plist */ = {isa = PBXFileReference; lastKnownFileType = text.plist.xml; path = Info.plist; sourceTree = "<group>"; };
		19658CDB2BA35AD900F35DF6 /* PaymentModel.swift */ = {isa = PBXFileReference; lastKnownFileType = sourcecode.swift; path = PaymentModel.swift; sourceTree = "<group>"; };
		19658CDD2BA35AE400F35DF6 /* PaymentView.swift */ = {isa = PBXFileReference; lastKnownFileType = sourcecode.swift; path = PaymentView.swift; sourceTree = "<group>"; };
		19658CDF2BA35AFD00F35DF6 /* CheckViewController.swift */ = {isa = PBXFileReference; lastKnownFileType = sourcecode.swift; path = CheckViewController.swift; sourceTree = "<group>"; };
		19658CE12BA35B0400F35DF6 /* CheckView.swift */ = {isa = PBXFileReference; lastKnownFileType = sourcecode.swift; path = CheckView.swift; sourceTree = "<group>"; };
		19658CE32BA35B0C00F35DF6 /* CheckModel.swift */ = {isa = PBXFileReference; lastKnownFileType = sourcecode.swift; path = CheckModel.swift; sourceTree = "<group>"; };
		19658CE82BA35C5A00F35DF6 /* press-start-k.ttf */ = {isa = PBXFileReference; lastKnownFileType = file; name = "press-start-k.ttf"; path = "../../../press-start-k.ttf"; sourceTree = "<group>"; };
/* End PBXFileReference section */

/* Begin PBXFrameworksBuildPhase section */
		19658CC12BA359CD00F35DF6 /* Frameworks */ = {
			isa = PBXFrameworksBuildPhase;
			buildActionMask = 2147483647;
			files = (
			);
			runOnlyForDeploymentPostprocessing = 0;
		};
/* End PBXFrameworksBuildPhase section */

/* Begin PBXGroup section */
		19658CBB2BA359CD00F35DF6 = {
			isa = PBXGroup;
			children = (
				19658CE72BA35BCC00F35DF6 /* Fonts */,
				19658CC62BA359CD00F35DF6 /* SharedPay */,
				19658CC52BA359CD00F35DF6 /* Products */,
			);
			sourceTree = "<group>";
		};
		19658CC52BA359CD00F35DF6 /* Products */ = {
			isa = PBXGroup;
			children = (
				19658CC42BA359CD00F35DF6 /* SharedPay.app */,
			);
			name = Products;
			sourceTree = "<group>";
		};
		19658CC62BA359CD00F35DF6 /* SharedPay */ = {
			isa = PBXGroup;
			children = (
				19658CE62BA35B3300F35DF6 /* PaymentScreen */,
				19658CE52BA35B2400F35DF6 /* CheckScreen */,
				19658CC72BA359CE00F35DF6 /* AppDelegate.swift */,
				19658CC92BA359CE00F35DF6 /* SceneDelegate.swift */,
				19658CD02BA359D200F35DF6 /* Assets.xcassets */,
				19658CD22BA359D200F35DF6 /* LaunchScreen.storyboard */,
				19658CD52BA359D200F35DF6 /* Info.plist */,
			);
			path = SharedPay;
			sourceTree = "<group>";
		};
		19658CE52BA35B2400F35DF6 /* CheckScreen */ = {
			isa = PBXGroup;
			children = (
				19658CDF2BA35AFD00F35DF6 /* CheckViewController.swift */,
				19658CE12BA35B0400F35DF6 /* CheckView.swift */,
				19658CE32BA35B0C00F35DF6 /* CheckModel.swift */,
			);
			path = CheckScreen;
			sourceTree = "<group>";
		};
		19658CE62BA35B3300F35DF6 /* PaymentScreen */ = {
			isa = PBXGroup;
			children = (
				19658CCB2BA359CE00F35DF6 /* PaymentViewController.swift */,
				19658CDB2BA35AD900F35DF6 /* PaymentModel.swift */,
				19658CDD2BA35AE400F35DF6 /* PaymentView.swift */,
			);
			path = PaymentScreen;
			sourceTree = "<group>";
		};
		19658CE72BA35BCC00F35DF6 /* Fonts */ = {
			isa = PBXGroup;
			children = (
				19658CE82BA35C5A00F35DF6 /* press-start-k.ttf */,
			);
			path = Fonts;
			sourceTree = "<group>";
		};
/* End PBXGroup section */

/* Begin PBXNativeTarget section */
		19658CC32BA359CD00F35DF6 /* SharedPay */ = {
			isa = PBXNativeTarget;
			buildConfigurationList = 19658CD82BA359D200F35DF6 /* Build configuration list for PBXNativeTarget "SharedPay" */;
			buildPhases = (
				19658CC02BA359CD00F35DF6 /* Sources */,
				19658CC12BA359CD00F35DF6 /* Frameworks */,
				19658CC22BA359CD00F35DF6 /* Resources */,
			);
			buildRules = (
			);
			dependencies = (
			);
			name = SharedPay;
			productName = SharedPay;
			productReference = 19658CC42BA359CD00F35DF6 /* SharedPay.app */;
			productType = "com.apple.product-type.application";
		};
/* End PBXNativeTarget section */

/* Begin PBXProject section */
		19658CBC2BA359CD00F35DF6 /* Project object */ = {
			isa = PBXProject;
			attributes = {
				BuildIndependentTargetsInParallel = 1;
				LastSwiftUpdateCheck = 1520;
				LastUpgradeCheck = 1520;
				TargetAttributes = {
					19658CC32BA359CD00F35DF6 = {
						CreatedOnToolsVersion = 15.2;
					};
				};
			};
			buildConfigurationList = 19658CBF2BA359CD00F35DF6 /* Build configuration list for PBXProject "SharedPay" */;
			compatibilityVersion = "Xcode 14.0";
			developmentRegion = en;
			hasScannedForEncodings = 0;
			knownRegions = (
				en,
				Base,
			);
			mainGroup = 19658CBB2BA359CD00F35DF6;
			productRefGroup = 19658CC52BA359CD00F35DF6 /* Products */;
			projectDirPath = "";
			projectRoot = "";
			targets = (
				19658CC32BA359CD00F35DF6 /* SharedPay */,
			);
		};
/* End PBXProject section */

/* Begin PBXResourcesBuildPhase section */
		19658CC22BA359CD00F35DF6 /* Resources */ = {
			isa = PBXResourcesBuildPhase;
			buildActionMask = 2147483647;
			files = (
				19658CD42BA359D200F35DF6 /* LaunchScreen.storyboard in Resources */,
				19658CD12BA359D200F35DF6 /* Assets.xcassets in Resources */,
				19658CE92BA35C5A00F35DF6 /* press-start-k.ttf in Resources */,
			);
			runOnlyForDeploymentPostprocessing = 0;
		};
/* End PBXResourcesBuildPhase section */

/* Begin PBXSourcesBuildPhase section */
		19658CC02BA359CD00F35DF6 /* Sources */ = {
			isa = PBXSourcesBuildPhase;
			buildActionMask = 2147483647;
			files = (
				19658CDC2BA35AD900F35DF6 /* PaymentModel.swift in Sources */,
				19658CCC2BA359CE00F35DF6 /* PaymentViewController.swift in Sources */,
				19658CE42BA35B0C00F35DF6 /* CheckModel.swift in Sources */,
				19658CC82BA359CE00F35DF6 /* AppDelegate.swift in Sources */,
				19658CE02BA35AFD00F35DF6 /* CheckViewController.swift in Sources */,
				19658CDE2BA35AE400F35DF6 /* PaymentView.swift in Sources */,
				19658CCA2BA359CE00F35DF6 /* SceneDelegate.swift in Sources */,
				19658CE22BA35B0400F35DF6 /* CheckView.swift in Sources */,
			);
			runOnlyForDeploymentPostprocessing = 0;
		};
/* End PBXSourcesBuildPhase section */

/* Begin PBXVariantGroup section */
		19658CD22BA359D200F35DF6 /* LaunchScreen.storyboard */ = {
			isa = PBXVariantGroup;
			children = (
				19658CD32BA359D200F35DF6 /* Base */,
			);
			name = LaunchScreen.storyboard;
			sourceTree = "<group>";
		};
/* End PBXVariantGroup section */

/* Begin XCBuildConfiguration section */
		19658CD62BA359D200F35DF6 /* Debug */ = {
			isa = XCBuildConfiguration;
			buildSettings = {
				ALWAYS_SEARCH_USER_PATHS = NO;
				ASSETCATALOG_COMPILER_GENERATE_SWIFT_ASSET_SYMBOL_EXTENSIONS = YES;
				CLANG_ANALYZER_NONNULL = YES;
				CLANG_ANALYZER_NUMBER_OBJECT_CONVERSION = YES_AGGRESSIVE;
				CLANG_CXX_LANGUAGE_STANDARD = "gnu++20";
				CLANG_ENABLE_MODULES = YES;
				CLANG_ENABLE_OBJC_ARC = YES;
				CLANG_ENABLE_OBJC_WEAK = YES;
				CLANG_WARN_BLOCK_CAPTURE_AUTORELEASING = YES;
				CLANG_WARN_BOOL_CONVERSION = YES;
				CLANG_WARN_COMMA = YES;
				CLANG_WARN_CONSTANT_CONVERSION = YES;
				CLANG_WARN_DEPRECATED_OBJC_IMPLEMENTATIONS = YES;
				CLANG_WARN_DIRECT_OBJC_ISA_USAGE = YES_ERROR;
				CLANG_WARN_DOCUMENTATION_COMMENTS = YES;
				CLANG_WARN_EMPTY_BODY = YES;
				CLANG_WARN_ENUM_CONVERSION = YES;
				CLANG_WARN_INFINITE_RECURSION = YES;
				CLANG_WARN_INT_CONVERSION = YES;
				CLANG_WARN_NON_LITERAL_NULL_CONVERSION = YES;
				CLANG_WARN_OBJC_IMPLICIT_RETAIN_SELF = YES;
				CLANG_WARN_OBJC_LITERAL_CONVERSION = YES;
				CLANG_WARN_OBJC_ROOT_CLASS = YES_ERROR;
				CLANG_WARN_QUOTED_INCLUDE_IN_FRAMEWORK_HEADER = YES;
				CLANG_WARN_RANGE_LOOP_ANALYSIS = YES;
				CLANG_WARN_STRICT_PROTOTYPES = YES;
				CLANG_WARN_SUSPICIOUS_MOVE = YES;
				CLANG_WARN_UNGUARDED_AVAILABILITY = YES_AGGRESSIVE;
				CLANG_WARN_UNREACHABLE_CODE = YES;
				CLANG_WARN__DUPLICATE_METHOD_MATCH = YES;
				COPY_PHASE_STRIP = NO;
				DEBUG_INFORMATION_FORMAT = dwarf;
				ENABLE_STRICT_OBJC_MSGSEND = YES;
				ENABLE_TESTABILITY = YES;
				ENABLE_USER_SCRIPT_SANDBOXING = YES;
				GCC_C_LANGUAGE_STANDARD = gnu17;
				GCC_DYNAMIC_NO_PIC = NO;
				GCC_NO_COMMON_BLOCKS = YES;
				GCC_OPTIMIZATION_LEVEL = 0;
				GCC_PREPROCESSOR_DEFINITIONS = (
					"DEBUG=1",
					"$(inherited)",
				);
				GCC_WARN_64_TO_32_BIT_CONVERSION = YES;
				GCC_WARN_ABOUT_RETURN_TYPE = YES_ERROR;
				GCC_WARN_UNDECLARED_SELECTOR = YES;
				GCC_WARN_UNINITIALIZED_AUTOS = YES_AGGRESSIVE;
				GCC_WARN_UNUSED_FUNCTION = YES;
				GCC_WARN_UNUSED_VARIABLE = YES;
				IPHONEOS_DEPLOYMENT_TARGET = 17.2;
				LOCALIZATION_PREFERS_STRING_CATALOGS = YES;
				MTL_ENABLE_DEBUG_INFO = INCLUDE_SOURCE;
				MTL_FAST_MATH = YES;
				ONLY_ACTIVE_ARCH = YES;
				SDKROOT = iphoneos;
				SWIFT_ACTIVE_COMPILATION_CONDITIONS = "DEBUG $(inherited)";
				SWIFT_OPTIMIZATION_LEVEL = "-Onone";
			};
			name = Debug;
		};
		19658CD72BA359D200F35DF6 /* Release */ = {
			isa = XCBuildConfiguration;
			buildSettings = {
				ALWAYS_SEARCH_USER_PATHS = NO;
				ASSETCATALOG_COMPILER_GENERATE_SWIFT_ASSET_SYMBOL_EXTENSIONS = YES;
				CLANG_ANALYZER_NONNULL = YES;
				CLANG_ANALYZER_NUMBER_OBJECT_CONVERSION = YES_AGGRESSIVE;
				CLANG_CXX_LANGUAGE_STANDARD = "gnu++20";
				CLANG_ENABLE_MODULES = YES;
				CLANG_ENABLE_OBJC_ARC = YES;
				CLANG_ENABLE_OBJC_WEAK = YES;
				CLANG_WARN_BLOCK_CAPTURE_AUTORELEASING = YES;
				CLANG_WARN_BOOL_CONVERSION = YES;
				CLANG_WARN_COMMA = YES;
				CLANG_WARN_CONSTANT_CONVERSION = YES;
				CLANG_WARN_DEPRECATED_OBJC_IMPLEMENTATIONS = YES;
				CLANG_WARN_DIRECT_OBJC_ISA_USAGE = YES_ERROR;
				CLANG_WARN_DOCUMENTATION_COMMENTS = YES;
				CLANG_WARN_EMPTY_BODY = YES;
				CLANG_WARN_ENUM_CONVERSION = YES;
				CLANG_WARN_INFINITE_RECURSION = YES;
				CLANG_WARN_INT_CONVERSION = YES;
				CLANG_WARN_NON_LITERAL_NULL_CONVERSION = YES;
				CLANG_WARN_OBJC_IMPLICIT_RETAIN_SELF = YES;
				CLANG_WARN_OBJC_LITERAL_CONVERSION = YES;
				CLANG_WARN_OBJC_ROOT_CLASS = YES_ERROR;
				CLANG_WARN_QUOTED_INCLUDE_IN_FRAMEWORK_HEADER = YES;
				CLANG_WARN_RANGE_LOOP_ANALYSIS = YES;
				CLANG_WARN_STRICT_PROTOTYPES = YES;
				CLANG_WARN_SUSPICIOUS_MOVE = YES;
				CLANG_WARN_UNGUARDED_AVAILABILITY = YES_AGGRESSIVE;
				CLANG_WARN_UNREACHABLE_CODE = YES;
				CLANG_WARN__DUPLICATE_METHOD_MATCH = YES;
				COPY_PHASE_STRIP = NO;
				DEBUG_INFORMATION_FORMAT = "dwarf-with-dsym";
				ENABLE_NS_ASSERTIONS = NO;
				ENABLE_STRICT_OBJC_MSGSEND = YES;
				ENABLE_USER_SCRIPT_SANDBOXING = YES;
				GCC_C_LANGUAGE_STANDARD = gnu17;
				GCC_NO_COMMON_BLOCKS = YES;
				GCC_WARN_64_TO_32_BIT_CONVERSION = YES;
				GCC_WARN_ABOUT_RETURN_TYPE = YES_ERROR;
				GCC_WARN_UNDECLARED_SELECTOR = YES;
				GCC_WARN_UNINITIALIZED_AUTOS = YES_AGGRESSIVE;
				GCC_WARN_UNUSED_FUNCTION = YES;
				GCC_WARN_UNUSED_VARIABLE = YES;
				IPHONEOS_DEPLOYMENT_TARGET = 17.2;
				LOCALIZATION_PREFERS_STRING_CATALOGS = YES;
				MTL_ENABLE_DEBUG_INFO = NO;
				MTL_FAST_MATH = YES;
				SDKROOT = iphoneos;
				SWIFT_COMPILATION_MODE = wholemodule;
				VALIDATE_PRODUCT = YES;
			};
			name = Release;
		};
		19658CD92BA359D200F35DF6 /* Debug */ = {
			isa = XCBuildConfiguration;
			buildSettings = {
				ASSETCATALOG_COMPILER_APPICON_NAME = AppIcon;
				ASSETCATALOG_COMPILER_GLOBAL_ACCENT_COLOR_NAME = AccentColor;
				CODE_SIGN_STYLE = Automatic;
				CURRENT_PROJECT_VERSION = 1;
				DEVELOPMENT_TEAM = 5SPY4VYVYB;
				GENERATE_INFOPLIST_FILE = YES;
				INFOPLIST_FILE = SharedPay/Info.plist;
				INFOPLIST_KEY_UIApplicationSupportsIndirectInputEvents = YES;
				INFOPLIST_KEY_UILaunchStoryboardName = LaunchScreen;
				INFOPLIST_KEY_UISupportedInterfaceOrientations_iPad = "UIInterfaceOrientationPortrait UIInterfaceOrientationPortraitUpsideDown UIInterfaceOrientationLandscapeLeft UIInterfaceOrientationLandscapeRight";
				INFOPLIST_KEY_UISupportedInterfaceOrientations_iPhone = "UIInterfaceOrientationPortrait UIInterfaceOrientationLandscapeLeft UIInterfaceOrientationLandscapeRight";
				LD_RUNPATH_SEARCH_PATHS = (
					"$(inherited)",
					"@executable_path/Frameworks",
				);
				MARKETING_VERSION = 1.0;
				PRODUCT_BUNDLE_IDENTIFIER = vlnaum.SharedPay;
				PRODUCT_NAME = "$(TARGET_NAME)";
				SWIFT_EMIT_LOC_STRINGS = YES;
				SWIFT_VERSION = 5.0;
				TARGETED_DEVICE_FAMILY = "1,2";
			};
			name = Debug;
		};
		19658CDA2BA359D200F35DF6 /* Release */ = {
			isa = XCBuildConfiguration;
			buildSettings = {
				ASSETCATALOG_COMPILER_APPICON_NAME = AppIcon;
				ASSETCATALOG_COMPILER_GLOBAL_ACCENT_COLOR_NAME = AccentColor;
				CODE_SIGN_STYLE = Automatic;
				CURRENT_PROJECT_VERSION = 1;
				DEVELOPMENT_TEAM = 5SPY4VYVYB;
				GENERATE_INFOPLIST_FILE = YES;
				INFOPLIST_FILE = SharedPay/Info.plist;
				INFOPLIST_KEY_UIApplicationSupportsIndirectInputEvents = YES;
				INFOPLIST_KEY_UILaunchStoryboardName = LaunchScreen;
				INFOPLIST_KEY_UISupportedInterfaceOrientations_iPad = "UIInterfaceOrientationPortrait UIInterfaceOrientationPortraitUpsideDown UIInterfaceOrientationLandscapeLeft UIInterfaceOrientationLandscapeRight";
				INFOPLIST_KEY_UISupportedInterfaceOrientations_iPhone = "UIInterfaceOrientationPortrait UIInterfaceOrientationLandscapeLeft UIInterfaceOrientationLandscapeRight";
				LD_RUNPATH_SEARCH_PATHS = (
					"$(inherited)",
					"@executable_path/Frameworks",
				);
				MARKETING_VERSION = 1.0;
				PRODUCT_BUNDLE_IDENTIFIER = vlnaum.SharedPay;
				PRODUCT_NAME = "$(TARGET_NAME)";
				SWIFT_EMIT_LOC_STRINGS = YES;
				SWIFT_VERSION = 5.0;
				TARGETED_DEVICE_FAMILY = "1,2";
			};
			name = Release;
		};
/* End XCBuildConfiguration section */

/* Begin XCConfigurationList section */
		19658CBF2BA359CD00F35DF6 /* Build configuration list for PBXProject "SharedPay" */ = {
			isa = XCConfigurationList;
			buildConfigurations = (
				19658CD62BA359D200F35DF6 /* Debug */,
				19658CD72BA359D200F35DF6 /* Release */,
			);
			defaultConfigurationIsVisible = 0;
			defaultConfigurationName = Release;
		};
		19658CD82BA359D200F35DF6 /* Build configuration list for PBXNativeTarget "SharedPay" */ = {
			isa = XCConfigurationList;
			buildConfigurations = (
				19658CD92BA359D200F35DF6 /* Debug */,
				19658CDA2BA359D200F35DF6 /* Release */,
			);
			defaultConfigurationIsVisible = 0;
			defaultConfigurationName = Release;
		};
/* End XCConfigurationList section */
	};
	rootObject = 19658CBC2BA359CD00F35DF6 /* Project object */;
}
